
Microsoft Visual Studio Solution File, Format Version 12.00
# Visual Studio Version 16
VisualStudioVersion = 16.0.30204.135
MinimumVisualStudioVersion = 10.0.40219.1
Project("{9A19103F-16F7-4668-BE54-9A1E7A4F7556}") = "Autoscaler", "Autoscaler.csproj", "{2446C8CF-AA66-4093-9380-30D9A2AE8F12}"
EndProject
Global
	GlobalSection(SolutionConfigurationPlatforms) = preSolution
		Debug|Any CPU = Debug|Any CPU
		Release|Any CPU = Release|Any CPU
	EndGlobalSection
	GlobalSection(ProjectConfigurationPlatforms) = postSolution
		{2446C8CF-AA66-4093-9380-30D9A2AE8F12}.Debug|Any CPU.ActiveCfg = Debug|Any CPU
		{2446C8CF-AA66-4093-9380-30D9A2AE8F12}.Debug|Any CPU.Build.0 = Debug|Any CPU
		{2446C8CF-AA66-4093-9380-30D9A2AE8F12}.Release|Any CPU.ActiveCfg = Release|Any CPU
		{2446C8CF-AA66-4093-9380-30D9A2AE8F12}.Release|Any CPU.Build.0 = Release|Any CPU
	EndGlobalSection
	GlobalSection(SolutionProperties) = preSolution
		HideSolutionNode = FALSE
	EndGlobalSection
	GlobalSection(ExtensibilityGlobals) = postSolution
		SolutionGuid = {53818B0A-A60A-4DBC-8148-6C9616EA829D}
	EndGlobalSection
EndGlobal
